
Microsoft Visual Studio Solution File, Format Version 12.00
# Visual Studio Version 16
VisualStudioVersion = 16.0.30907.101
MinimumVisualStudioVersion = 10.0.40219.1
Project("{FAE04EC0-301F-11D3-BF4B-00C04F79EFBC}") = "WindowsFormsApp1", "WindowsFormsApp1\WindowsFormsApp1.csproj", "{74BCD19E-950B-4E46-9358-410F8B766562}"
EndProject
Global
	GlobalSection(SolutionConfigurationPlatforms) = preSolution
		Debug|Any CPU = Debug|Any CPU
		Release|Any CPU = Release|Any CPU
	EndGlobalSection
	GlobalSection(ProjectConfigurationPlatforms) = postSolution
		{74BCD19E-950B-4E46-9358-410F8B766562}.Debug|Any CPU.ActiveCfg = Debug|Any CPU
		{74BCD19E-950B-4E46-9358-410F8B766562}.Debug|Any CPU.Build.0 = Debug|Any CPU
		{74BCD19E-950B-4E46-9358-410F8B766562}.Release|Any CPU.ActiveCfg = Release|Any CPU
		{74BCD19E-950B-4E46-9358-410F8B766562}.Release|Any CPU.Build.0 = Release|Any CPU
	EndGlobalSection
	GlobalSection(SolutionProperties) = preSolution
		HideSolutionNode = FALSE
	EndGlobalSection
	GlobalSection(ExtensibilityGlobals) = postSolution
		SolutionGuid = {29C0993F-4EC4-4C04-9460-95CBD89716D5}
	EndGlobalSection
EndGlobal
